{
  "version": 4,
  "terraform_version": "1.3.7",
  "serial": 302,
  "lineage": "5a077482-c0ac-66fb-bf10-d04fce83770a",
  "outputs": {},
  "resources": [
    {
      "module": "module.vpc",
      "mode": "managed",
      "type": "aws_vpc",
      "name": "this",
      "provider": "provider[\"registry.terraform.io/hashicorp/aws\"]",
      "instances": [
        {
          "index_key": 0,
          "schema_version": 1,
          "attributes": {
            "arn": "arn:aws:ec2:us-west-2:616138583583:vpc/vpc-02cb2dd312198aef2",
            "assign_generated_ipv6_cidr_block": false,
            "cidr_block": "10.0.0.0/16",
            "default_network_acl_id": "acl-05ba3fd2916c07713",
            "default_route_table_id": "rtb-09b3803f322fab8ee",
            "default_security_group_id": "sg-06b7f5f8ff1d1be3a",
            "dhcp_options_id": "dopt-1649d26e",
            "enable_dns_hostnames": true,
            "enable_dns_support": true,
            "enable_network_address_usage_metrics": false,
            "id": "vpc-02cb2dd312198aef2",
            "instance_tenancy": "default",
            "ipv4_ipam_pool_id": null,
            "ipv4_netmask_length": null,
            "ipv6_association_id": "",
            "ipv6_cidr_block": "",
            "ipv6_cidr_block_network_border_group": "",
            "ipv6_ipam_pool_id": "",
            "ipv6_netmask_length": 0,
            "main_route_table_id": "rtb-09b3803f322fab8ee",
            "owner_id": "616138583583",
            "tags": {
              "Name": "lbriggs"
            },
            "tags_all": {
              "Name": "lbriggs"
            }
          },
          "sensitive_attributes": [],
          "private": "eyJzY2hlbWFfdmVyc2lvbiI6IjEifQ=="
        }
      ]
    }
  ],
  "check_results": null
}
